
Microsoft Visual Studio Solution File, Format Version 12.00
# Visual Studio Version 16
VisualStudioVersion = 16.0.32126.315
MinimumVisualStudioVersion = 10.0.40219.1
Project("{FAE04EC0-301F-11D3-BF4B-00C04F79EFBC}") = "3DProject", "3DProject.csproj", "{059A85AD-C9C3-4F30-996A-6B178739800D}"
EndProject
Global
	GlobalSection(SolutionConfigurationPlatforms) = preSolution
		Debug|Any CPU = Debug|Any CPU
		Release|Any CPU = Release|Any CPU
	EndGlobalSection
	GlobalSection(ProjectConfigurationPlatforms) = postSolution
		{059A85AD-C9C3-4F30-996A-6B178739800D}.Debug|Any CPU.ActiveCfg = Debug|Any CPU
		{059A85AD-C9C3-4F30-996A-6B178739800D}.Debug|Any CPU.Build.0 = Debug|Any CPU
		{059A85AD-C9C3-4F30-996A-6B178739800D}.Release|Any CPU.ActiveCfg = Release|Any CPU
		{059A85AD-C9C3-4F30-996A-6B178739800D}.Release|Any CPU.Build.0 = Release|Any CPU
	EndGlobalSection
	GlobalSection(SolutionProperties) = preSolution
		HideSolutionNode = FALSE
	EndGlobalSection
	GlobalSection(ExtensibilityGlobals) = postSolution
		SolutionGuid = {BC9EC1F2-5304-431A-A167-208F2BC5550F}
	EndGlobalSection
EndGlobal
